
Microsoft Visual Studio Solution File, Format Version 12.00
# Visual Studio 2012
Project("{FAE04EC0-301F-11D3-BF4B-00C04F79EFBC}") = "CollectionsExample", "CollectionsExample\CollectionsExample.csproj", "{9E1B3B57-76DD-41EC-A238-3D2430E133D6}"
EndProject
Global
	GlobalSection(SolutionConfigurationPlatforms) = preSolution
		Debug|iPhoneSimulator = Debug|iPhoneSimulator
		Release|iPhone = Release|iPhone
		Release|iPhoneSimulator = Release|iPhoneSimulator
		Debug|iPhone = Debug|iPhone
	EndGlobalSection
	GlobalSection(ProjectConfigurationPlatforms) = postSolution
		{9E1B3B57-76DD-41EC-A238-3D2430E133D6}.Debug|iPhoneSimulator.ActiveCfg = Debug|iPhoneSimulator
		{9E1B3B57-76DD-41EC-A238-3D2430E133D6}.Debug|iPhoneSimulator.Build.0 = Debug|iPhoneSimulator
		{9E1B3B57-76DD-41EC-A238-3D2430E133D6}.Release|iPhone.ActiveCfg = Release|iPhone
		{9E1B3B57-76DD-41EC-A238-3D2430E133D6}.Release|iPhone.Build.0 = Release|iPhone
		{9E1B3B57-76DD-41EC-A238-3D2430E133D6}.Release|iPhoneSimulator.ActiveCfg = Release|iPhoneSimulator
		{9E1B3B57-76DD-41EC-A238-3D2430E133D6}.Release|iPhoneSimulator.Build.0 = Release|iPhoneSimulator
		{9E1B3B57-76DD-41EC-A238-3D2430E133D6}.Debug|iPhone.ActiveCfg = Debug|iPhone
		{9E1B3B57-76DD-41EC-A238-3D2430E133D6}.Debug|iPhone.Build.0 = Debug|iPhone
	EndGlobalSection
EndGlobal
